
Microsoft Visual Studio Solution File, Format Version 12.00
# Visual Studio 14
VisualStudioVersion = 14.0.25420.1
MinimumVisualStudioVersion = 10.0.40219.1
Project("{FAE04EC0-301F-11D3-BF4B-00C04F79EFBC}") = "ChannelMonitor", "ChannelMonitor\ChannelMonitor.csproj", "{254972B1-9B1C-4146-8E21-EBD804CD4E66}"
EndProject
Project("{FAE04EC0-301F-11D3-BF4B-00C04F79EFBC}") = "PriceLib", "..\Utility\PriceLib\PriceLib.csproj", "{0F9B64B4-DDA6-45F1-9010-B60B8CE617D2}"
EndProject
Project("{FAE04EC0-301F-11D3-BF4B-00C04F79EFBC}") = "xChannelNotifier", "ChannelNotifier\xChannelNotifier.csproj", "{6D67064E-9EB8-45EE-8479-E48A17E94F27}"
EndProject
Project("{FAE04EC0-301F-11D3-BF4B-00C04F79EFBC}") = "Notifier", "Notifier\Notifier.csproj", "{1AC56939-F336-4F12-A587-DE906F023940}"
EndProject
Global
	GlobalSection(SolutionConfigurationPlatforms) = preSolution
		Debug|Any CPU = Debug|Any CPU
		Debug|x64 = Debug|x64
		Debug|x86 = Debug|x86
		Release|Any CPU = Release|Any CPU
		Release|x64 = Release|x64
		Release|x86 = Release|x86
	EndGlobalSection
	GlobalSection(ProjectConfigurationPlatforms) = postSolution
		{254972B1-9B1C-4146-8E21-EBD804CD4E66}.Debug|Any CPU.ActiveCfg = Debug|Any CPU
		{254972B1-9B1C-4146-8E21-EBD804CD4E66}.Debug|Any CPU.Build.0 = Debug|Any CPU
		{254972B1-9B1C-4146-8E21-EBD804CD4E66}.Debug|x64.ActiveCfg = Debug|Any CPU
		{254972B1-9B1C-4146-8E21-EBD804CD4E66}.Debug|x64.Build.0 = Debug|Any CPU
		{254972B1-9B1C-4146-8E21-EBD804CD4E66}.Debug|x86.ActiveCfg = Debug|Any CPU
		{254972B1-9B1C-4146-8E21-EBD804CD4E66}.Debug|x86.Build.0 = Debug|Any CPU
		{254972B1-9B1C-4146-8E21-EBD804CD4E66}.Release|Any CPU.ActiveCfg = Release|Any CPU
		{254972B1-9B1C-4146-8E21-EBD804CD4E66}.Release|Any CPU.Build.0 = Release|Any CPU
		{254972B1-9B1C-4146-8E21-EBD804CD4E66}.Release|x64.ActiveCfg = Release|Any CPU
		{254972B1-9B1C-4146-8E21-EBD804CD4E66}.Release|x64.Build.0 = Release|Any CPU
		{254972B1-9B1C-4146-8E21-EBD804CD4E66}.Release|x86.ActiveCfg = Release|Any CPU
		{254972B1-9B1C-4146-8E21-EBD804CD4E66}.Release|x86.Build.0 = Release|Any CPU
		{0F9B64B4-DDA6-45F1-9010-B60B8CE617D2}.Debug|Any CPU.ActiveCfg = Debug|Any CPU
		{0F9B64B4-DDA6-45F1-9010-B60B8CE617D2}.Debug|Any CPU.Build.0 = Debug|Any CPU
		{0F9B64B4-DDA6-45F1-9010-B60B8CE617D2}.Debug|x64.ActiveCfg = Debug|x64
		{0F9B64B4-DDA6-45F1-9010-B60B8CE617D2}.Debug|x64.Build.0 = Debug|x64
		{0F9B64B4-DDA6-45F1-9010-B60B8CE617D2}.Debug|x86.ActiveCfg = Debug|x86
		{0F9B64B4-DDA6-45F1-9010-B60B8CE617D2}.Debug|x86.Build.0 = Debug|x86
		{0F9B64B4-DDA6-45F1-9010-B60B8CE617D2}.Release|Any CPU.ActiveCfg = Release|Any CPU
		{0F9B64B4-DDA6-45F1-9010-B60B8CE617D2}.Release|Any CPU.Build.0 = Release|Any CPU
		{0F9B64B4-DDA6-45F1-9010-B60B8CE617D2}.Release|x64.ActiveCfg = Release|x64
		{0F9B64B4-DDA6-45F1-9010-B60B8CE617D2}.Release|x64.Build.0 = Release|x64
		{0F9B64B4-DDA6-45F1-9010-B60B8CE617D2}.Release|x86.ActiveCfg = Release|x86
		{0F9B64B4-DDA6-45F1-9010-B60B8CE617D2}.Release|x86.Build.0 = Release|x86
		{6D67064E-9EB8-45EE-8479-E48A17E94F27}.Debug|Any CPU.ActiveCfg = Debug|Any CPU
		{6D67064E-9EB8-45EE-8479-E48A17E94F27}.Debug|Any CPU.Build.0 = Debug|Any CPU
		{6D67064E-9EB8-45EE-8479-E48A17E94F27}.Debug|x64.ActiveCfg = Debug|Any CPU
		{6D67064E-9EB8-45EE-8479-E48A17E94F27}.Debug|x64.Build.0 = Debug|Any CPU
		{6D67064E-9EB8-45EE-8479-E48A17E94F27}.Debug|x86.ActiveCfg = Debug|Any CPU
		{6D67064E-9EB8-45EE-8479-E48A17E94F27}.Debug|x86.Build.0 = Debug|Any CPU
		{6D67064E-9EB8-45EE-8479-E48A17E94F27}.Release|Any CPU.ActiveCfg = Release|Any CPU
		{6D67064E-9EB8-45EE-8479-E48A17E94F27}.Release|Any CPU.Build.0 = Release|Any CPU
		{6D67064E-9EB8-45EE-8479-E48A17E94F27}.Release|x64.ActiveCfg = Release|Any CPU
		{6D67064E-9EB8-45EE-8479-E48A17E94F27}.Release|x64.Build.0 = Release|Any CPU
		{6D67064E-9EB8-45EE-8479-E48A17E94F27}.Release|x86.ActiveCfg = Release|Any CPU
		{6D67064E-9EB8-45EE-8479-E48A17E94F27}.Release|x86.Build.0 = Release|Any CPU
		{1AC56939-F336-4F12-A587-DE906F023940}.Debug|Any CPU.ActiveCfg = Debug|Any CPU
		{1AC56939-F336-4F12-A587-DE906F023940}.Debug|Any CPU.Build.0 = Debug|Any CPU
		{1AC56939-F336-4F12-A587-DE906F023940}.Debug|x64.ActiveCfg = Debug|Any CPU
		{1AC56939-F336-4F12-A587-DE906F023940}.Debug|x64.Build.0 = Debug|Any CPU
		{1AC56939-F336-4F12-A587-DE906F023940}.Debug|x86.ActiveCfg = Debug|Any CPU
		{1AC56939-F336-4F12-A587-DE906F023940}.Debug|x86.Build.0 = Debug|Any CPU
		{1AC56939-F336-4F12-A587-DE906F023940}.Release|Any CPU.ActiveCfg = Release|Any CPU
		{1AC56939-F336-4F12-A587-DE906F023940}.Release|Any CPU.Build.0 = Release|Any CPU
		{1AC56939-F336-4F12-A587-DE906F023940}.Release|x64.ActiveCfg = Release|Any CPU
		{1AC56939-F336-4F12-A587-DE906F023940}.Release|x64.Build.0 = Release|Any CPU
		{1AC56939-F336-4F12-A587-DE906F023940}.Release|x86.ActiveCfg = Release|Any CPU
		{1AC56939-F336-4F12-A587-DE906F023940}.Release|x86.Build.0 = Release|Any CPU
	EndGlobalSection
	GlobalSection(SolutionProperties) = preSolution
		HideSolutionNode = FALSE
	EndGlobalSection
EndGlobal
