
Microsoft Visual Studio Solution File, Format Version 11.00
# Visual Studio 2010
Project("{FAE04EC0-301F-11D3-BF4B-00C04F79EFBC}") = "OrderProcessor", "OrderProcessor\OrderProcessor.csproj", "{6818BFB1-FDE6-4098-9FCA-EAECFE2F4C49}"
EndProject
Project("{FAE04EC0-301F-11D3-BF4B-00C04F79EFBC}") = "OrderProcessorTest", "OrderProcessorTest\OrderProcessorTest.csproj", "{5A297D90-AFD1-4959-9049-529D567DFC93}"
EndProject
Global
	GlobalSection(SolutionConfigurationPlatforms) = preSolution
		Debug|Any CPU = Debug|Any CPU
		Debug|Mixed Platforms = Debug|Mixed Platforms
		Debug|x86 = Debug|x86
		Release|Any CPU = Release|Any CPU
		Release|Mixed Platforms = Release|Mixed Platforms
		Release|x86 = Release|x86
	EndGlobalSection
	GlobalSection(ProjectConfigurationPlatforms) = postSolution
		{6818BFB1-FDE6-4098-9FCA-EAECFE2F4C49}.Debug|Any CPU.ActiveCfg = Debug|Any CPU
		{6818BFB1-FDE6-4098-9FCA-EAECFE2F4C49}.Debug|Any CPU.Build.0 = Debug|Any CPU
		{6818BFB1-FDE6-4098-9FCA-EAECFE2F4C49}.Debug|Mixed Platforms.ActiveCfg = Debug|Any CPU
		{6818BFB1-FDE6-4098-9FCA-EAECFE2F4C49}.Debug|Mixed Platforms.Build.0 = Debug|Any CPU
		{6818BFB1-FDE6-4098-9FCA-EAECFE2F4C49}.Debug|x86.ActiveCfg = Debug|Any CPU
		{6818BFB1-FDE6-4098-9FCA-EAECFE2F4C49}.Release|Any CPU.ActiveCfg = Release|Any CPU
		{6818BFB1-FDE6-4098-9FCA-EAECFE2F4C49}.Release|Any CPU.Build.0 = Release|Any CPU
		{6818BFB1-FDE6-4098-9FCA-EAECFE2F4C49}.Release|Mixed Platforms.ActiveCfg = Release|Any CPU
		{6818BFB1-FDE6-4098-9FCA-EAECFE2F4C49}.Release|Mixed Platforms.Build.0 = Release|Any CPU
		{6818BFB1-FDE6-4098-9FCA-EAECFE2F4C49}.Release|x86.ActiveCfg = Release|Any CPU
		{5A297D90-AFD1-4959-9049-529D567DFC93}.Debug|Any CPU.ActiveCfg = Debug|x86
		{5A297D90-AFD1-4959-9049-529D567DFC93}.Debug|Mixed Platforms.ActiveCfg = Debug|x86
		{5A297D90-AFD1-4959-9049-529D567DFC93}.Debug|Mixed Platforms.Build.0 = Debug|x86
		{5A297D90-AFD1-4959-9049-529D567DFC93}.Debug|x86.ActiveCfg = Debug|x86
		{5A297D90-AFD1-4959-9049-529D567DFC93}.Debug|x86.Build.0 = Debug|x86
		{5A297D90-AFD1-4959-9049-529D567DFC93}.Release|Any CPU.ActiveCfg = Release|x86
		{5A297D90-AFD1-4959-9049-529D567DFC93}.Release|Mixed Platforms.ActiveCfg = Release|x86
		{5A297D90-AFD1-4959-9049-529D567DFC93}.Release|Mixed Platforms.Build.0 = Release|x86
		{5A297D90-AFD1-4959-9049-529D567DFC93}.Release|x86.ActiveCfg = Release|x86
		{5A297D90-AFD1-4959-9049-529D567DFC93}.Release|x86.Build.0 = Release|x86
	EndGlobalSection
	GlobalSection(SolutionProperties) = preSolution
		HideSolutionNode = FALSE
	EndGlobalSection
EndGlobal
