
Microsoft Visual Studio Solution File, Format Version 12.00
# Visual Studio 14
VisualStudioVersion = 14.0.25420.1
MinimumVisualStudioVersion = 10.0.40219.1
Project("{FAE04EC0-301F-11D3-BF4B-00C04F79EFBC}") = "PriceLib", "..\..\Utility\PriceLib\PriceLib.csproj", "{0F9B64B4-DDA6-45F1-9010-B60B8CE617D2}"
EndProject
Project("{FAE04EC0-301F-11D3-BF4B-00C04F79EFBC}") = "PCFGetter", "PCF\PCFGetter.csproj", "{3930FCFA-8D5C-44FE-8E5B-1CF0FE884C25}"
EndProject
Global
	GlobalSection(SolutionConfigurationPlatforms) = preSolution
		Debug|Any CPU = Debug|Any CPU
		Debug|x86 = Debug|x86
		Release|Any CPU = Release|Any CPU
		Release|x86 = Release|x86
	EndGlobalSection
	GlobalSection(ProjectConfigurationPlatforms) = postSolution
		{0F9B64B4-DDA6-45F1-9010-B60B8CE617D2}.Debug|Any CPU.ActiveCfg = Debug|Any CPU
		{0F9B64B4-DDA6-45F1-9010-B60B8CE617D2}.Debug|Any CPU.Build.0 = Debug|Any CPU
		{0F9B64B4-DDA6-45F1-9010-B60B8CE617D2}.Debug|x86.ActiveCfg = Debug|x86
		{0F9B64B4-DDA6-45F1-9010-B60B8CE617D2}.Debug|x86.Build.0 = Debug|x86
		{0F9B64B4-DDA6-45F1-9010-B60B8CE617D2}.Release|Any CPU.ActiveCfg = Release|Any CPU
		{0F9B64B4-DDA6-45F1-9010-B60B8CE617D2}.Release|Any CPU.Build.0 = Release|Any CPU
		{0F9B64B4-DDA6-45F1-9010-B60B8CE617D2}.Release|x86.ActiveCfg = Release|x86
		{0F9B64B4-DDA6-45F1-9010-B60B8CE617D2}.Release|x86.Build.0 = Release|x86
		{3930FCFA-8D5C-44FE-8E5B-1CF0FE884C25}.Debug|Any CPU.ActiveCfg = Debug|Any CPU
		{3930FCFA-8D5C-44FE-8E5B-1CF0FE884C25}.Debug|Any CPU.Build.0 = Debug|Any CPU
		{3930FCFA-8D5C-44FE-8E5B-1CF0FE884C25}.Debug|x86.ActiveCfg = Debug|x86
		{3930FCFA-8D5C-44FE-8E5B-1CF0FE884C25}.Debug|x86.Build.0 = Debug|x86
		{3930FCFA-8D5C-44FE-8E5B-1CF0FE884C25}.Release|Any CPU.ActiveCfg = Release|Any CPU
		{3930FCFA-8D5C-44FE-8E5B-1CF0FE884C25}.Release|Any CPU.Build.0 = Release|Any CPU
		{3930FCFA-8D5C-44FE-8E5B-1CF0FE884C25}.Release|x86.ActiveCfg = Release|x86
		{3930FCFA-8D5C-44FE-8E5B-1CF0FE884C25}.Release|x86.Build.0 = Release|x86
	EndGlobalSection
	GlobalSection(SolutionProperties) = preSolution
		HideSolutionNode = FALSE
	EndGlobalSection
EndGlobal
