
Microsoft Visual Studio Solution File, Format Version 12.00
# Blend for Visual Studio 14
VisualStudioVersion = 14.0.25420.1
MinimumVisualStudioVersion = 10.0.40219.1
Project("{FAE04EC0-301F-11D3-BF4B-00C04F79EFBC}") = "RtNAV", "RtNAV\RtNAV.csproj", "{52663F22-9B67-4B59-B521-0DC0AAAB0A82}"
EndProject
Project("{FAE04EC0-301F-11D3-BF4B-00C04F79EFBC}") = "PriceLib", "..\..\Utility\PriceLib\PriceLib.csproj", "{0F9B64B4-DDA6-45F1-9010-B60B8CE617D2}"
EndProject
Global
	GlobalSection(SolutionConfigurationPlatforms) = preSolution
		Debug|Any CPU = Debug|Any CPU
		Debug|x64 = Debug|x64
		Debug|x86 = Debug|x86
		Release|Any CPU = Release|Any CPU
		Release|x64 = Release|x64
		Release|x86 = Release|x86
	EndGlobalSection
	GlobalSection(ProjectConfigurationPlatforms) = postSolution
		{52663F22-9B67-4B59-B521-0DC0AAAB0A82}.Debug|Any CPU.ActiveCfg = Debug|Any CPU
		{52663F22-9B67-4B59-B521-0DC0AAAB0A82}.Debug|Any CPU.Build.0 = Debug|Any CPU
		{52663F22-9B67-4B59-B521-0DC0AAAB0A82}.Debug|x64.ActiveCfg = Debug|Any CPU
		{52663F22-9B67-4B59-B521-0DC0AAAB0A82}.Debug|x64.Build.0 = Debug|Any CPU
		{52663F22-9B67-4B59-B521-0DC0AAAB0A82}.Debug|x86.ActiveCfg = Debug|Any CPU
		{52663F22-9B67-4B59-B521-0DC0AAAB0A82}.Debug|x86.Build.0 = Debug|Any CPU
		{52663F22-9B67-4B59-B521-0DC0AAAB0A82}.Release|Any CPU.ActiveCfg = Release|Any CPU
		{52663F22-9B67-4B59-B521-0DC0AAAB0A82}.Release|Any CPU.Build.0 = Release|Any CPU
		{52663F22-9B67-4B59-B521-0DC0AAAB0A82}.Release|x64.ActiveCfg = Release|Any CPU
		{52663F22-9B67-4B59-B521-0DC0AAAB0A82}.Release|x64.Build.0 = Release|Any CPU
		{52663F22-9B67-4B59-B521-0DC0AAAB0A82}.Release|x86.ActiveCfg = Release|Any CPU
		{52663F22-9B67-4B59-B521-0DC0AAAB0A82}.Release|x86.Build.0 = Release|Any CPU
		{0F9B64B4-DDA6-45F1-9010-B60B8CE617D2}.Debug|Any CPU.ActiveCfg = Debug|Any CPU
		{0F9B64B4-DDA6-45F1-9010-B60B8CE617D2}.Debug|Any CPU.Build.0 = Debug|Any CPU
		{0F9B64B4-DDA6-45F1-9010-B60B8CE617D2}.Debug|x64.ActiveCfg = Debug|x64
		{0F9B64B4-DDA6-45F1-9010-B60B8CE617D2}.Debug|x64.Build.0 = Debug|x64
		{0F9B64B4-DDA6-45F1-9010-B60B8CE617D2}.Debug|x86.ActiveCfg = Debug|x86
		{0F9B64B4-DDA6-45F1-9010-B60B8CE617D2}.Debug|x86.Build.0 = Debug|x86
		{0F9B64B4-DDA6-45F1-9010-B60B8CE617D2}.Release|Any CPU.ActiveCfg = Release|Any CPU
		{0F9B64B4-DDA6-45F1-9010-B60B8CE617D2}.Release|Any CPU.Build.0 = Release|Any CPU
		{0F9B64B4-DDA6-45F1-9010-B60B8CE617D2}.Release|x64.ActiveCfg = Release|x64
		{0F9B64B4-DDA6-45F1-9010-B60B8CE617D2}.Release|x64.Build.0 = Release|x64
		{0F9B64B4-DDA6-45F1-9010-B60B8CE617D2}.Release|x86.ActiveCfg = Release|x86
		{0F9B64B4-DDA6-45F1-9010-B60B8CE617D2}.Release|x86.Build.0 = Release|x86
	EndGlobalSection
	GlobalSection(SolutionProperties) = preSolution
		HideSolutionNode = FALSE
	EndGlobalSection
EndGlobal
